
Microsoft Visual Studio Solution File, Format Version 12.00
# Visual Studio Version 17
VisualStudioVersion = 17.11.35327.3
MinimumVisualStudioVersion = 10.0.40219.1
Project("{FAE04EC0-301F-11D3-BF4B-00C04F79EFBC}") = "MunchKing", "MunchKing\MunchKing.csproj", "{5D5555D9-D160-491A-A315-B22B239D06DE}"
EndProject
Global
	GlobalSection(SolutionConfigurationPlatforms) = preSolution
		Debug|Any CPU = Debug|Any CPU
		Release|Any CPU = Release|Any CPU
	EndGlobalSection
	GlobalSection(ProjectConfigurationPlatforms) = postSolution
		{5D5555D9-D160-491A-A315-B22B239D06DE}.Debug|Any CPU.ActiveCfg = Debug|Any CPU
		{5D5555D9-D160-491A-A315-B22B239D06DE}.Debug|Any CPU.Build.0 = Debug|Any CPU
		{5D5555D9-D160-491A-A315-B22B239D06DE}.Release|Any CPU.ActiveCfg = Release|Any CPU
		{5D5555D9-D160-491A-A315-B22B239D06DE}.Release|Any CPU.Build.0 = Release|Any CPU
	EndGlobalSection
	GlobalSection(SolutionProperties) = preSolution
		HideSolutionNode = FALSE
	EndGlobalSection
	GlobalSection(ExtensibilityGlobals) = postSolution
		SolutionGuid = {C641E894-FE65-46C3-A238-C021788BD553}
	EndGlobalSection
EndGlobal
